// !$*UTF8*$!
{
	archiveVersion = 1;
	classes = {
	};
	objectVersion = 46;
	objects = {

/* Begin PBXBuildFile section */
		B4031BFF1BA0859A00251D8F /* main.m in Sources */ = {isa = PBXBuildFile; fileRef = B4031BFE1BA0859A00251D8F /* main.m */; };
		B4031C021BA0859A00251D8F /* AppDelegate.m in Sources */ = {isa = PBXBuildFile; fileRef = B4031C011BA0859A00251D8F /* AppDelegate.m */; };
		B4031C051BA0859A00251D8F /* ViewController.m in Sources */ = {isa = PBXBuildFile; fileRef = B4031C041BA0859A00251D8F /* ViewController.m */; };
		B4031C081BA0859A00251D8F /* Main.storyboard in Resources */ = {isa = PBXBuildFile; fileRef = B4031C061BA0859A00251D8F /* Main.storyboard */; };
		B4031C0A1BA0859A00251D8F /* Images.xcassets in Resources */ = {isa = PBXBuildFile; fileRef = B4031C091BA0859A00251D8F /* Images.xcassets */; };
		B4031C0D1BA0859A00251D8F /* LaunchScreen.xib in Resources */ = {isa = PBXBuildFile; fileRef = B4031C0B1BA0859A00251D8F /* LaunchScreen.xib */; };
		B4031C191BA0859A00251D8F /* CSFETests.m in Sources */ = {isa = PBXBuildFile; fileRef = B4031C181BA0859A00251D8F /* CSFETests.m */; };
/* End PBXBuildFile section */

/* Begin PBXContainerItemProxy section */
		B4031C131BA0859A00251D8F /* PBXContainerItemProxy */ = {
			isa = PBXContainerItemProxy;
			containerPortal = B4031BF11BA0859A00251D8F /* Project object */;
			proxyType = 1;
			remoteGlobalIDString = B4031BF81BA0859A00251D8F;
			remoteInfo = CSFE;
		};
/* End PBXContainerItemProxy section */

/* Begin PBXFileReference section */
		B4031BF91BA0859A00251D8F /* CSFE.app */ = {isa = PBXFileReference; explicitFileType = wrapper.application; includeInIndex = 0; path = CSFE.app; sourceTree = BUILT_PRODUCTS_DIR; };
		B4031BFD1BA0859A00251D8F /* Info.plist */ = {isa = PBXFileReference; lastKnownFileType = text.plist.xml; path = Info.plist; sourceTree = "<group>"; };
		B4031BFE1BA0859A00251D8F /* main.m */ = {isa = PBXFileReference; lastKnownFileType = sourcecode.c.objc; path = main.m; sourceTree = "<group>"; };
		B4031C001BA0859A00251D8F /* AppDelegate.h */ = {isa = PBXFileReference; lastKnownFileType = sourcecode.c.h; path = AppDelegate.h; sourceTree = "<group>"; };
		B4031C011BA0859A00251D8F /* AppDelegate.m */ = {isa = PBXFileReference; lastKnownFileType = sourcecode.c.objc; path = AppDelegate.m; sourceTree = "<group>"; };
		B4031C031BA0859A00251D8F /* ViewController.h */ = {isa = PBXFileReference; lastKnownFileType = sourcecode.c.h; path = ViewController.h; sourceTree = "<group>"; };
		B4031C041BA0859A00251D8F /* ViewController.m */ = {isa = PBXFileReference; lastKnownFileType = sourcecode.c.objc; path = ViewController.m; sourceTree = "<group>"; };
		B4031C071BA0859A00251D8F /* Base */ = {isa = PBXFileReference; lastKnownFileType = file.storyboard; name = Base; path = Base.lproj/Main.storyboard; sourceTree = "<group>"; };
		B4031C091BA0859A00251D8F /* Images.xcassets */ = {isa = PBXFileReference; lastKnownFileType = folder.assetcatalog; path = Images.xcassets; sourceTree = "<group>"; };
		B4031C0C1BA0859A00251D8F /* Base */ = {isa = PBXFileReference; lastKnownFileType = file.xib; name = Base; path = Base.lproj/LaunchScreen.xib; sourceTree = "<group>"; };
		B4031C121BA0859A00251D8F /* CSFETests.xctest */ = {isa = PBXFileReference; explicitFileType = wrapper.cfbundle; includeInIndex = 0; path = CSFETests.xctest; sourceTree = BUILT_PRODUCTS_DIR; };
		B4031C171BA0859A00251D8F /* Info.plist */ = {isa = PBXFileReference; lastKnownFileType = text.plist.xml; path = Info.plist; sourceTree = "<group>"; };
		B4031C181BA0859A00251D8F /* CSFETests.m */ = {isa = PBXFileReference; lastKnownFileType = sourcecode.c.objc; path = CSFETests.m; sourceTree = "<group>"; };
/* End PBXFileReference section */

/* Begin PBXFrameworksBuildPhase section */
		B4031BF61BA0859A00251D8F /* Frameworks */ = {
			isa = PBXFrameworksBuildPhase;
			buildActionMask = 2147483647;
			files = (
			);
			runOnlyForDeploymentPostprocessing = 0;
		};
		B4031C0F1BA0859A00251D8F /* Frameworks */ = {
			isa = PBXFrameworksBuildPhase;
			buildActionMask = 2147483647;
			files = (
			);
			runOnlyForDeploymentPostprocessing = 0;
		};
/* End PBXFrameworksBuildPhase section */

/* Begin PBXGroup section */
		B4031BF01BA0859A00251D8F = {
			isa = PBXGroup;
			children = (
				B4031BFB1BA0859A00251D8F /* CSFE */,
				B4031C151BA0859A00251D8F /* CSFETests */,
				B4031BFA1BA0859A00251D8F /* Products */,
			);
			sourceTree = "<group>";
		};
		B4031BFA1BA0859A00251D8F /* Products */ = {
			isa = PBXGroup;
			children = (
				B4031BF91BA0859A00251D8F /* CSFE.app */,
				B4031C121BA0859A00251D8F /* CSFETests.xctest */,
			);
			name = Products;
			sourceTree = "<group>";
		};
		B4031BFB1BA0859A00251D8F /* CSFE */ = {
			isa = PBXGroup;
			children = (
				B4031C221BA093BB00251D8F /* LoginPage */,
				B4031C001BA0859A00251D8F /* AppDelegate.h */,
				B4031C011BA0859A00251D8F /* AppDelegate.m */,
				B4031C031BA0859A00251D8F /* ViewController.h */,
				B4031C041BA0859A00251D8F /* ViewController.m */,
				B4031C061BA0859A00251D8F /* Main.storyboard */,
				B4031C091BA0859A00251D8F /* Images.xcassets */,
				B4031C0B1BA0859A00251D8F /* LaunchScreen.xib */,
				B4031BFC1BA0859A00251D8F /* Supporting Files */,
			);
			path = CSFE;
			sourceTree = "<group>";
		};
		B4031BFC1BA0859A00251D8F /* Supporting Files */ = {
			isa = PBXGroup;
			children = (
				B4031BFD1BA0859A00251D8F /* Info.plist */,
				B4031BFE1BA0859A00251D8F /* main.m */,
			);
			name = "Supporting Files";
			sourceTree = "<group>";
		};
		B4031C151BA0859A00251D8F /* CSFETests */ = {
			isa = PBXGroup;
			children = (
				B4031C181BA0859A00251D8F /* CSFETests.m */,
				B4031C161BA0859A00251D8F /* Supporting Files */,
			);
			path = CSFETests;
			sourceTree = "<group>";
		};
		B4031C161BA0859A00251D8F /* Supporting Files */ = {
			isa = PBXGroup;
			children = (
				B4031C171BA0859A00251D8F /* Info.plist */,
			);
			name = "Supporting Files";
			sourceTree = "<group>";
		};
		B4031C221BA093BB00251D8F /* LoginPage */ = {
			isa = PBXGroup;
			children = (
			);
			name = LoginPage;
			sourceTree = "<group>";
		};
/* End PBXGroup section */

/* Begin PBXNativeTarget section */
		B4031BF81BA0859A00251D8F /* CSFE */ = {
			isa = PBXNativeTarget;
			buildConfigurationList = B4031C1C1BA0859A00251D8F /* Build configuration list for PBXNativeTarget "CSFE" */;
			buildPhases = (
				B4031BF51BA0859A00251D8F /* Sources */,
				B4031BF61BA0859A00251D8F /* Frameworks */,
				B4031BF71BA0859A00251D8F /* Resources */,
			);
			buildRules = (
			);
			dependencies = (
			);
			name = CSFE;
			productName = CSFE;
			productReference = B4031BF91BA0859A00251D8F /* CSFE.app */;
			productType = "com.apple.product-type.application";
		};
		B4031C111BA0859A00251D8F /* CSFETests */ = {
			isa = PBXNativeTarget;
			buildConfigurationList = B4031C1F1BA0859A00251D8F /* Build configuration list for PBXNativeTarget "CSFETests" */;
			buildPhases = (
				B4031C0E1BA0859A00251D8F /* Sources */,
				B4031C0F1BA0859A00251D8F /* Frameworks */,
				B4031C101BA0859A00251D8F /* Resources */,
			);
			buildRules = (
			);
			dependencies = (
				B4031C141BA0859A00251D8F /* PBXTargetDependency */,
			);
			name = CSFETests;
			productName = CSFETests;
			productReference = B4031C121BA0859A00251D8F /* CSFETests.xctest */;
			productType = "com.apple.product-type.bundle.unit-test";
		};
/* End PBXNativeTarget section */

/* Begin PBXProject section */
		B4031BF11BA0859A00251D8F /* Project object */ = {
			isa = PBXProject;
			attributes = {
				LastUpgradeCheck = 0640;
				ORGANIZATIONNAME = "胡海清";
				TargetAttributes = {
					B4031BF81BA0859A00251D8F = {
						CreatedOnToolsVersion = 6.4;
					};
					B4031C111BA0859A00251D8F = {
						CreatedOnToolsVersion = 6.4;
						TestTargetID = B4031BF81BA0859A00251D8F;
					};
				};
			};
			buildConfigurationList = B4031BF41BA0859A00251D8F /* Build configuration list for PBXProject "CSFE" */;
			compatibilityVersion = "Xcode 3.2";
			developmentRegion = English;
			hasScannedForEncodings = 0;
			knownRegions = (
				en,
				Base,
			);
			mainGroup = B4031BF01BA0859A00251D8F;
			productRefGroup = B4031BFA1BA0859A00251D8F /* Products */;
			projectDirPath = "";
			projectRoot = "";
			targets = (
				B4031BF81BA0859A00251D8F /* CSFE */,
				B4031C111BA0859A00251D8F /* CSFETests */,
			);
		};
/* End PBXProject section */

/* Begin PBXResourcesBuildPhase section */
		B4031BF71BA0859A00251D8F /* Resources */ = {
			isa = PBXResourcesBuildPhase;
			buildActionMask = 2147483647;
			files = (
				B4031C081BA0859A00251D8F /* Main.storyboard in Resources */,
				B4031C0D1BA0859A00251D8F /* LaunchScreen.xib in Resources */,
				B4031C0A1BA0859A00251D8F /* Images.xcassets in Resources */,
			);
			runOnlyForDeploymentPostprocessing = 0;
		};
		B4031C101BA0859A00251D8F /* Resources */ = {
			isa = PBXResourcesBuildPhase;
			buildActionMask = 2147483647;
			files = (
			);
			runOnlyForDeploymentPostprocessing = 0;
		};
/* End PBXResourcesBuildPhase section */

/* Begin PBXSourcesBuildPhase section */
		B4031BF51BA0859A00251D8F /* Sources */ = {
			isa = PBXSourcesBuildPhase;
			buildActionMask = 2147483647;
			files = (
				B4031C051BA0859A00251D8F /* ViewController.m in Sources */,
				B4031C021BA0859A00251D8F /* AppDelegate.m in Sources */,
				B4031BFF1BA0859A00251D8F /* main.m in Sources */,
			);
			runOnlyForDeploymentPostprocessing = 0;
		};
		B4031C0E1BA0859A00251D8F /* Sources */ = {
			isa = PBXSourcesBuildPhase;
			buildActionMask = 2147483647;
			files = (
				B4031C191BA0859A00251D8F /* CSFETests.m in Sources */,
			);
			runOnlyForDeploymentPostprocessing = 0;
		};
/* End PBXSourcesBuildPhase section */

/* Begin PBXTargetDependency section */
		B4031C141BA0859A00251D8F /* PBXTargetDependency */ = {
			isa = PBXTargetDependency;
			target = B4031BF81BA0859A00251D8F /* CSFE */;
			targetProxy = B4031C131BA0859A00251D8F /* PBXContainerItemProxy */;
		};
/* End PBXTargetDependency section */

/* Begin PBXVariantGroup section */
		B4031C061BA0859A00251D8F /* Main.storyboard */ = {
			isa = PBXVariantGroup;
			children = (
				B4031C071BA0859A00251D8F /* Base */,
			);
			name = Main.storyboard;
			sourceTree = "<group>";
		};
		B4031C0B1BA0859A00251D8F /* LaunchScreen.xib */ = {
			isa = PBXVariantGroup;
			children = (
				B4031C0C1BA0859A00251D8F /* Base */,
			);
			name = LaunchScreen.xib;
			sourceTree = "<group>";
		};
/* End PBXVariantGroup section */

/* Begin XCBuildConfiguration section */
		B4031C1A1BA0859A00251D8F /* Debug */ = {
			isa = XCBuildConfiguration;
			buildSettings = {
				ALWAYS_SEARCH_USER_PATHS = NO;
				CLANG_CXX_LANGUAGE_STANDARD = "gnu++0x";
				CLANG_CXX_LIBRARY = "libc++";
				CLANG_ENABLE_MODULES = YES;
				CLANG_ENABLE_OBJC_ARC = YES;
				CLANG_WARN_BOOL_CONVERSION = YES;
				CLANG_WARN_CONSTANT_CONVERSION = YES;
				CLANG_WARN_DIRECT_OBJC_ISA_USAGE = YES_ERROR;
				CLANG_WARN_EMPTY_BODY = YES;
				CLANG_WARN_ENUM_CONVERSION = YES;
				CLANG_WARN_INT_CONVERSION = YES;
				CLANG_WARN_OBJC_ROOT_CLASS = YES_ERROR;
				CLANG_WARN_UNREACHABLE_CODE = YES;
				CLANG_WARN__DUPLICATE_METHOD_MATCH = YES;
				"CODE_SIGN_IDENTITY[sdk=iphoneos*]" = "iPhone Developer";
				COPY_PHASE_STRIP = NO;
				DEBUG_INFORMATION_FORMAT = "dwarf-with-dsym";
				ENABLE_STRICT_OBJC_MSGSEND = YES;
				GCC_C_LANGUAGE_STANDARD = gnu99;
				GCC_DYNAMIC_NO_PIC = NO;
				GCC_NO_COMMON_BLOCKS = YES;
				GCC_OPTIMIZATION_LEVEL = 0;
				GCC_PREPROCESSOR_DEFINITIONS = (
					"DEBUG=1",
					"$(inherited)",
				);
				GCC_SYMBOLS_PRIVATE_EXTERN = NO;
				GCC_WARN_64_TO_32_BIT_CONVERSION = YES;
				GCC_WARN_ABOUT_RETURN_TYPE = YES_ERROR;
				GCC_WARN_UNDECLARED_SELECTOR = YES;
				GCC_WARN_UNINITIALIZED_AUTOS = YES_AGGRESSIVE;
				GCC_WARN_UNUSED_FUNCTION = YES;
				GCC_WARN_UNUSED_VARIABLE = YES;
				IPHONEOS_DEPLOYMENT_TARGET = 8.4;
				MTL_ENABLE_DEBUG_INFO = YES;
				ONLY_ACTIVE_ARCH = YES;
				SDKROOT = iphoneos;
			};
			name = Debug;
		};
		B4031C1B1BA0859A00251D8F /* Release */ = {
			isa = XCBuildConfiguration;
			buildSettings = {
				ALWAYS_SEARCH_USER_PATHS = NO;
				CLANG_CXX_LANGUAGE_STANDARD = "gnu++0x";
				CLANG_CXX_LIBRARY = "libc++";
				CLANG_ENABLE_MODULES = YES;
				CLANG_ENABLE_OBJC_ARC = YES;
				CLANG_WARN_BOOL_CONVERSION = YES;
				CLANG_WARN_CONSTANT_CONVERSION = YES;
				CLANG_WARN_DIRECT_OBJC_ISA_USAGE = YES_ERROR;
				CLANG_WARN_EMPTY_BODY = YES;
				CLANG_WARN_ENUM_CONVERSION = YES;
				CLANG_WARN_INT_CONVERSION = YES;
				CLANG_WARN_OBJC_ROOT_CLASS = YES_ERROR;
				CLANG_WARN_UNREACHABLE_CODE = YES;
				CLANG_WARN__DUPLICATE_METHOD_MATCH = YES;
				"CODE_SIGN_IDENTITY[sdk=iphoneos*]" = "iPhone Developer";
				COPY_PHASE_STRIP = NO;
				DEBUG_INFORMATION_FORMAT = "dwarf-with-dsym";
				ENABLE_NS_ASSERTIONS = NO;
				ENABLE_STRICT_OBJC_MSGSEND = YES;
				GCC_C_LANGUAGE_STANDARD = gnu99;
				GCC_NO_COMMON_BLOCKS = YES;
				GCC_WARN_64_TO_32_BIT_CONVERSION = YES;
				GCC_WARN_ABOUT_RETURN_TYPE = YES_ERROR;
				GCC_WARN_UNDECLARED_SELECTOR = YES;
				GCC_WARN_UNINITIALIZED_AUTOS = YES_AGGRESSIVE;
				GCC_WARN_UNUSED_FUNCTION = YES;
				GCC_WARN_UNUSED_VARIABLE = YES;
				IPHONEOS_DEPLOYMENT_TARGET = 8.4;
				MTL_ENABLE_DEBUG_INFO = NO;
				SDKROOT = iphoneos;
				VALIDATE_PRODUCT = YES;
			};
			name = Release;
		};
		B4031C1D1BA0859A00251D8F /* Debug */ = {
			isa = XCBuildConfiguration;
			buildSettings = {
				ASSETCATALOG_COMPILER_APPICON_NAME = AppIcon;
				INFOPLIST_FILE = CSFE/Info.plist;
				LD_RUNPATH_SEARCH_PATHS = "$(inherited) @executable_path/Frameworks";
				PRODUCT_NAME = "$(TARGET_NAME)";
			};
			name = Debug;
		};
		B4031C1E1BA0859A00251D8F /* Release */ = {
			isa = XCBuildConfiguration;
			buildSettings = {
				ASSETCATALOG_COMPILER_APPICON_NAME = AppIcon;
				INFOPLIST_FILE = CSFE/Info.plist;
				LD_RUNPATH_SEARCH_PATHS = "$(inherited) @executable_path/Frameworks";
				PRODUCT_NAME = "$(TARGET_NAME)";
			};
			name = Release;
		};
		B4031C201BA0859A00251D8F /* Debug */ = {
			isa = XCBuildConfiguration;
			buildSettings = {
				BUNDLE_LOADER = "$(TEST_HOST)";
				FRAMEWORK_SEARCH_PATHS = (
					"$(SDKROOT)/Developer/Library/Frameworks",
					"$(inherited)",
				);
				GCC_PREPROCESSOR_DEFINITIONS = (
					"DEBUG=1",
					"$(inherited)",
				);
				INFOPLIST_FILE = CSFETests/Info.plist;
				LD_RUNPATH_SEARCH_PATHS = "$(inherited) @executable_path/Frameworks @loader_path/Frameworks";
				PRODUCT_NAME = "$(TARGET_NAME)";
				TEST_HOST = "$(BUILT_PRODUCTS_DIR)/CSFE.app/CSFE";
			};
			name = Debug;
		};
		B4031C211BA0859A00251D8F /* Release */ = {
			isa = XCBuildConfiguration;
			buildSettings = {
				BUNDLE_LOADER = "$(TEST_HOST)";
				FRAMEWORK_SEARCH_PATHS = (
					"$(SDKROOT)/Developer/Library/Frameworks",
					"$(inherited)",
				);
				INFOPLIST_FILE = CSFETests/Info.plist;
				LD_RUNPATH_SEARCH_PATHS = "$(inherited) @executable_path/Frameworks @loader_path/Frameworks";
				PRODUCT_NAME = "$(TARGET_NAME)";
				TEST_HOST = "$(BUILT_PRODUCTS_DIR)/CSFE.app/CSFE";
			};
			name = Release;
		};
/* End XCBuildConfiguration section */

/* Begin XCConfigurationList section */
		B4031BF41BA0859A00251D8F /* Build configuration list for PBXProject "CSFE" */ = {
			isa = XCConfigurationList;
			buildConfigurations = (
				B4031C1A1BA0859A00251D8F /* Debug */,
				B4031C1B1BA0859A00251D8F /* Release */,
			);
			defaultConfigurationIsVisible = 0;
			defaultConfigurationName = Release;
		};
		B4031C1C1BA0859A00251D8F /* Build configuration list for PBXNativeTarget "CSFE" */ = {
			isa = XCConfigurationList;
			buildConfigurations = (
				B4031C1D1BA0859A00251D8F /* Debug */,
				B4031C1E1BA0859A00251D8F /* Release */,
			);
			defaultConfigurationIsVisible = 0;
		};
		B4031C1F1BA0859A00251D8F /* Build configuration list for PBXNativeTarget "CSFETests" */ = {
			isa = XCConfigurationList;
			buildConfigurations = (
				B4031C201BA0859A00251D8F /* Debug */,
				B4031C211BA0859A00251D8F /* Release */,
			);
			defaultConfigurationIsVisible = 0;
		};
/* End XCConfigurationList section */
	};
	rootObject = B4031BF11BA0859A00251D8F /* Project object */;
}
